// !$*UTF8*$!
{
	archiveVersion = 1;
	classes = {
	};
	objectVersion = 46;
	objects = {

/* Begin PBXBuildFile section */
		92089B4618FB737D00369B43 /* Foundation.framework in Frameworks */ = {isa = PBXBuildFile; fileRef = 92089B4518FB737D00369B43 /* Foundation.framework */; };
		92089B4818FB737D00369B43 /* CoreGraphics.framework in Frameworks */ = {isa = PBXBuildFile; fileRef = 92089B4718FB737D00369B43 /* CoreGraphics.framework */; };
		92089B4A18FB737D00369B43 /* UIKit.framework in Frameworks */ = {isa = PBXBuildFile; fileRef = 92089B4918FB737D00369B43 /* UIKit.framework */; };
		92089B5018FB737D00369B43 /* InfoPlist.strings in Resources */ = {isa = PBXBuildFile; fileRef = 92089B4E18FB737D00369B43 /* InfoPlist.strings */; };
		92089B5218FB737D00369B43 /* main.m in Sources */ = {isa = PBXBuildFile; fileRef = 92089B5118FB737D00369B43 /* main.m */; };
		92089B5618FB737D00369B43 /* SNEAppDelegate.m in Sources */ = {isa = PBXBuildFile; fileRef = 92089B5518FB737D00369B43 /* SNEAppDelegate.m */; };
		92089B5918FB737D00369B43 /* Main.storyboard in Resources */ = {isa = PBXBuildFile; fileRef = 92089B5718FB737D00369B43 /* Main.storyboard */; };
		92089B5C18FB737D00369B43 /* SNEViewController.m in Sources */ = {isa = PBXBuildFile; fileRef = 92089B5B18FB737D00369B43 /* SNEViewController.m */; };
		92089B5E18FB737D00369B43 /* Images.xcassets in Resources */ = {isa = PBXBuildFile; fileRef = 92089B5D18FB737D00369B43 /* Images.xcassets */; };
		92089B6518FB737D00369B43 /* XCTest.framework in Frameworks */ = {isa = PBXBuildFile; fileRef = 92089B6418FB737D00369B43 /* XCTest.framework */; };
		92089B6618FB737D00369B43 /* Foundation.framework in Frameworks */ = {isa = PBXBuildFile; fileRef = 92089B4518FB737D00369B43 /* Foundation.framework */; };
		92089B6718FB737D00369B43 /* UIKit.framework in Frameworks */ = {isa = PBXBuildFile; fileRef = 92089B4918FB737D00369B43 /* UIKit.framework */; };
		92089B6F18FB737D00369B43 /* InfoPlist.strings in Resources */ = {isa = PBXBuildFile; fileRef = 92089B6D18FB737D00369B43 /* InfoPlist.strings */; };
		92089B7118FB737D00369B43 /* PirateAdventureTests.m in Sources */ = {isa = PBXBuildFile; fileRef = 92089B7018FB737D00369B43 /* PirateAdventureTests.m */; };
/* End PBXBuildFile section */

/* Begin PBXContainerItemProxy section */
		92089B6818FB737D00369B43 /* PBXContainerItemProxy */ = {
			isa = PBXContainerItemProxy;
			containerPortal = 92089B3A18FB737D00369B43 /* Project object */;
			proxyType = 1;
			remoteGlobalIDString = 92089B4118FB737D00369B43;
			remoteInfo = PirateAdventure;
		};
/* End PBXContainerItemProxy section */

/* Begin PBXFileReference section */
		92089B4218FB737D00369B43 /* PirateAdventure.app */ = {isa = PBXFileReference; explicitFileType = wrapper.application; includeInIndex = 0; path = PirateAdventure.app; sourceTree = BUILT_PRODUCTS_DIR; };
		92089B4518FB737D00369B43 /* Foundation.framework */ = {isa = PBXFileReference; lastKnownFileType = wrapper.framework; name = Foundation.framework; path = System/Library/Frameworks/Foundation.framework; sourceTree = SDKROOT; };
		92089B4718FB737D00369B43 /* CoreGraphics.framework */ = {isa = PBXFileReference; lastKnownFileType = wrapper.framework; name = CoreGraphics.framework; path = System/Library/Frameworks/CoreGraphics.framework; sourceTree = SDKROOT; };
		92089B4918FB737D00369B43 /* UIKit.framework */ = {isa = PBXFileReference; lastKnownFileType = wrapper.framework; name = UIKit.framework; path = System/Library/Frameworks/UIKit.framework; sourceTree = SDKROOT; };
		92089B4D18FB737D00369B43 /* PirateAdventure-Info.plist */ = {isa = PBXFileReference; lastKnownFileType = text.plist.xml; path = "PirateAdventure-Info.plist"; sourceTree = "<group>"; };
		92089B4F18FB737D00369B43 /* en */ = {isa = PBXFileReference; lastKnownFileType = text.plist.strings; name = en; path = en.lproj/InfoPlist.strings; sourceTree = "<group>"; };
		92089B5118FB737D00369B43 /* main.m */ = {isa = PBXFileReference; lastKnownFileType = sourcecode.c.objc; path = main.m; sourceTree = "<group>"; };
		92089B5318FB737D00369B43 /* PirateAdventure-Prefix.pch */ = {isa = PBXFileReference; lastKnownFileType = sourcecode.c.h; path = "PirateAdventure-Prefix.pch"; sourceTree = "<group>"; };
		92089B5418FB737D00369B43 /* SNEAppDelegate.h */ = {isa = PBXFileReference; lastKnownFileType = sourcecode.c.h; path = SNEAppDelegate.h; sourceTree = "<group>"; };
		92089B5518FB737D00369B43 /* SNEAppDelegate.m */ = {isa = PBXFileReference; lastKnownFileType = sourcecode.c.objc; path = SNEAppDelegate.m; sourceTree = "<group>"; };
		92089B5818FB737D00369B43 /* Base */ = {isa = PBXFileReference; lastKnownFileType = file.storyboard; name = Base; path = Base.lproj/Main.storyboard; sourceTree = "<group>"; };
		92089B5A18FB737D00369B43 /* SNEViewController.h */ = {isa = PBXFileReference; lastKnownFileType = sourcecode.c.h; path = SNEViewController.h; sourceTree = "<group>"; };
		92089B5B18FB737D00369B43 /* SNEViewController.m */ = {isa = PBXFileReference; lastKnownFileType = sourcecode.c.objc; path = SNEViewController.m; sourceTree = "<group>"; };
		92089B5D18FB737D00369B43 /* Images.xcassets */ = {isa = PBXFileReference; lastKnownFileType = folder.assetcatalog; path = Images.xcassets; sourceTree = "<group>"; };
		92089B6318FB737D00369B43 /* PirateAdventureTests.xctest */ = {isa = PBXFileReference; explicitFileType = wrapper.cfbundle; includeInIndex = 0; path = PirateAdventureTests.xctest; sourceTree = BUILT_PRODUCTS_DIR; };
		92089B6418FB737D00369B43 /* XCTest.framework */ = {isa = PBXFileReference; lastKnownFileType = wrapper.framework; name = XCTest.framework; path = Library/Frameworks/XCTest.framework; sourceTree = DEVELOPER_DIR; };
		92089B6C18FB737D00369B43 /* PirateAdventureTests-Info.plist */ = {isa = PBXFileReference; lastKnownFileType = text.plist.xml; path = "PirateAdventureTests-Info.plist"; sourceTree = "<group>"; };
		92089B6E18FB737D00369B43 /* en */ = {isa = PBXFileReference; lastKnownFileType = text.plist.strings; name = en; path = en.lproj/InfoPlist.strings; sourceTree = "<group>"; };
		92089B7018FB737D00369B43 /* PirateAdventureTests.m */ = {isa = PBXFileReference; lastKnownFileType = sourcecode.c.objc; path = PirateAdventureTests.m; sourceTree = "<group>"; };
/* End PBXFileReference section */

/* Begin PBXFrameworksBuildPhase section */
		92089B3F18FB737D00369B43 /* Frameworks */ = {
			isa = PBXFrameworksBuildPhase;
			buildActionMask = 2147483647;
			files = (
				92089B4818FB737D00369B43 /* CoreGraphics.framework in Frameworks */,
				92089B4A18FB737D00369B43 /* UIKit.framework in Frameworks */,
				92089B4618FB737D00369B43 /* Foundation.framework in Frameworks */,
			);
			runOnlyForDeploymentPostprocessing = 0;
		};
		92089B6018FB737D00369B43 /* Frameworks */ = {
			isa = PBXFrameworksBuildPhase;
			buildActionMask = 2147483647;
			files = (
				92089B6518FB737D00369B43 /* XCTest.framework in Frameworks */,
				92089B6718FB737D00369B43 /* UIKit.framework in Frameworks */,
				92089B6618FB737D00369B43 /* Foundation.framework in Frameworks */,
			);
			runOnlyForDeploymentPostprocessing = 0;
		};
/* End PBXFrameworksBuildPhase section */

/* Begin PBXGroup section */
		92089B3918FB737D00369B43 = {
			isa = PBXGroup;
			children = (
				92089B4B18FB737D00369B43 /* PirateAdventure */,
				92089B6A18FB737D00369B43 /* PirateAdventureTests */,
				92089B4418FB737D00369B43 /* Frameworks */,
				92089B4318FB737D00369B43 /* Products */,
			);
			sourceTree = "<group>";
		};
		92089B4318FB737D00369B43 /* Products */ = {
			isa = PBXGroup;
			children = (
				92089B4218FB737D00369B43 /* PirateAdventure.app */,
				92089B6318FB737D00369B43 /* PirateAdventureTests.xctest */,
			);
			name = Products;
			sourceTree = "<group>";
		};
		92089B4418FB737D00369B43 /* Frameworks */ = {
			isa = PBXGroup;
			children = (
				92089B4518FB737D00369B43 /* Foundation.framework */,
				92089B4718FB737D00369B43 /* CoreGraphics.framework */,
				92089B4918FB737D00369B43 /* UIKit.framework */,
				92089B6418FB737D00369B43 /* XCTest.framework */,
			);
			name = Frameworks;
			sourceTree = "<group>";
		};
		92089B4B18FB737D00369B43 /* PirateAdventure */ = {
			isa = PBXGroup;
			children = (
				92089B5418FB737D00369B43 /* SNEAppDelegate.h */,
				92089B5518FB737D00369B43 /* SNEAppDelegate.m */,
				92089B5718FB737D00369B43 /* Main.storyboard */,
				92089B5A18FB737D00369B43 /* SNEViewController.h */,
				92089B5B18FB737D00369B43 /* SNEViewController.m */,
				92089B5D18FB737D00369B43 /* Images.xcassets */,
				92089B4C18FB737D00369B43 /* Supporting Files */,
			);
			path = PirateAdventure;
			sourceTree = "<group>";
		};
		92089B4C18FB737D00369B43 /* Supporting Files */ = {
			isa = PBXGroup;
			children = (
				92089B4D18FB737D00369B43 /* PirateAdventure-Info.plist */,
				92089B4E18FB737D00369B43 /* InfoPlist.strings */,
				92089B5118FB737D00369B43 /* main.m */,
				92089B5318FB737D00369B43 /* PirateAdventure-Prefix.pch */,
			);
			name = "Supporting Files";
			sourceTree = "<group>";
		};
		92089B6A18FB737D00369B43 /* PirateAdventureTests */ = {
			isa = PBXGroup;
			children = (
				92089B7018FB737D00369B43 /* PirateAdventureTests.m */,
				92089B6B18FB737D00369B43 /* Supporting Files */,
			);
			path = PirateAdventureTests;
			sourceTree = "<group>";
		};
		92089B6B18FB737D00369B43 /* Supporting Files */ = {
			isa = PBXGroup;
			children = (
				92089B6C18FB737D00369B43 /* PirateAdventureTests-Info.plist */,
				92089B6D18FB737D00369B43 /* InfoPlist.strings */,
			);
			name = "Supporting Files";
			sourceTree = "<group>";
		};
/* End PBXGroup section */

/* Begin PBXNativeTarget section */
		92089B4118FB737D00369B43 /* PirateAdventure */ = {
			isa = PBXNativeTarget;
			buildConfigurationList = 92089B7418FB737D00369B43 /* Build configuration list for PBXNativeTarget "PirateAdventure" */;
			buildPhases = (
				92089B3E18FB737D00369B43 /* Sources */,
				92089B3F18FB737D00369B43 /* Frameworks */,
				92089B4018FB737D00369B43 /* Resources */,
			);
			buildRules = (
			);
			dependencies = (
			);
			name = PirateAdventure;
			productName = PirateAdventure;
			productReference = 92089B4218FB737D00369B43 /* PirateAdventure.app */;
			productType = "com.apple.product-type.application";
		};
		92089B6218FB737D00369B43 /* PirateAdventureTests */ = {
			isa = PBXNativeTarget;
			buildConfigurationList = 92089B7718FB737D00369B43 /* Build configuration list for PBXNativeTarget "PirateAdventureTests" */;
			buildPhases = (
				92089B5F18FB737D00369B43 /* Sources */,
				92089B6018FB737D00369B43 /* Frameworks */,
				92089B6118FB737D00369B43 /* Resources */,
			);
			buildRules = (
			);
			dependencies = (
				92089B6918FB737D00369B43 /* PBXTargetDependency */,
			);
			name = PirateAdventureTests;
			productName = PirateAdventureTests;
			productReference = 92089B6318FB737D00369B43 /* PirateAdventureTests.xctest */;
			productType = "com.apple.product-type.bundle.unit-test";
		};
/* End PBXNativeTarget section */

/* Begin PBXProject section */
		92089B3A18FB737D00369B43 /* Project object */ = {
			isa = PBXProject;
			attributes = {
				CLASSPREFIX = SNE;
				LastUpgradeCheck = 0510;
				ORGANIZATIONNAME = "Sebastian Neamtu";
				TargetAttributes = {
					92089B6218FB737D00369B43 = {
						TestTargetID = 92089B4118FB737D00369B43;
					};
				};
			};
			buildConfigurationList = 92089B3D18FB737D00369B43 /* Build configuration list for PBXProject "PirateAdventure" */;
			compatibilityVersion = "Xcode 3.2";
			developmentRegion = English;
			hasScannedForEncodings = 0;
			knownRegions = (
				en,
				Base,
			);
			mainGroup = 92089B3918FB737D00369B43;
			productRefGroup = 92089B4318FB737D00369B43 /* Products */;
			projectDirPath = "";
			projectRoot = "";
			targets = (
				92089B4118FB737D00369B43 /* PirateAdventure */,
				92089B6218FB737D00369B43 /* PirateAdventureTests */,
			);
		};
/* End PBXProject section */

/* Begin PBXResourcesBuildPhase section */
		92089B4018FB737D00369B43 /* Resources */ = {
			isa = PBXResourcesBuildPhase;
			buildActionMask = 2147483647;
			files = (
				92089B5E18FB737D00369B43 /* Images.xcassets in Resources */,
				92089B5018FB737D00369B43 /* InfoPlist.strings in Resources */,
				92089B5918FB737D00369B43 /* Main.storyboard in Resources */,
			);
			runOnlyForDeploymentPostprocessing = 0;
		};
		92089B6118FB737D00369B43 /* Resources */ = {
			isa = PBXResourcesBuildPhase;
			buildActionMask = 2147483647;
			files = (
				92089B6F18FB737D00369B43 /* InfoPlist.strings in Resources */,
			);
			runOnlyForDeploymentPostprocessing = 0;
		};
/* End PBXResourcesBuildPhase section */

/* Begin PBXSourcesBuildPhase section */
		92089B3E18FB737D00369B43 /* Sources */ = {
			isa = PBXSourcesBuildPhase;
			buildActionMask = 2147483647;
			files = (
				92089B5218FB737D00369B43 /* main.m in Sources */,
				92089B5618FB737D00369B43 /* SNEAppDelegate.m in Sources */,
				92089B5C18FB737D00369B43 /* SNEViewController.m in Sources */,
			);
			runOnlyForDeploymentPostprocessing = 0;
		};
		92089B5F18FB737D00369B43 /* Sources */ = {
			isa = PBXSourcesBuildPhase;
			buildActionMask = 2147483647;
			files = (
				92089B7118FB737D00369B43 /* PirateAdventureTests.m in Sources */,
			);
			runOnlyForDeploymentPostprocessing = 0;
		};
/* End PBXSourcesBuildPhase section */

/* Begin PBXTargetDependency section */
		92089B6918FB737D00369B43 /* PBXTargetDependency */ = {
			isa = PBXTargetDependency;
			target = 92089B4118FB737D00369B43 /* PirateAdventure */;
			targetProxy = 92089B6818FB737D00369B43 /* PBXContainerItemProxy */;
		};
/* End PBXTargetDependency section */

/* Begin PBXVariantGroup section */
		92089B4E18FB737D00369B43 /* InfoPlist.strings */ = {
			isa = PBXVariantGroup;
			children = (
				92089B4F18FB737D00369B43 /* en */,
			);
			name = InfoPlist.strings;
			sourceTree = "<group>";
		};
		92089B5718FB737D00369B43 /* Main.storyboard */ = {
			isa = PBXVariantGroup;
			children = (
				92089B5818FB737D00369B43 /* Base */,
			);
			name = Main.storyboard;
			sourceTree = "<group>";
		};
		92089B6D18FB737D00369B43 /* InfoPlist.strings */ = {
			isa = PBXVariantGroup;
			children = (
				92089B6E18FB737D00369B43 /* en */,
			);
			name = InfoPlist.strings;
			sourceTree = "<group>";
		};
/* End PBXVariantGroup section */

/* Begin XCBuildConfiguration section */
		92089B7218FB737D00369B43 /* Debug */ = {
			isa = XCBuildConfiguration;
			buildSettings = {
				ALWAYS_SEARCH_USER_PATHS = NO;
				CLANG_CXX_LANGUAGE_STANDARD = "gnu++0x";
				CLANG_CXX_LIBRARY = "libc++";
				CLANG_ENABLE_MODULES = YES;
				CLANG_ENABLE_OBJC_ARC = YES;
				CLANG_WARN_BOOL_CONVERSION = YES;
				CLANG_WARN_CONSTANT_CONVERSION = YES;
				CLANG_WARN_DIRECT_OBJC_ISA_USAGE = YES_ERROR;
				CLANG_WARN_EMPTY_BODY = YES;
				CLANG_WARN_ENUM_CONVERSION = YES;
				CLANG_WARN_INT_CONVERSION = YES;
				CLANG_WARN_OBJC_ROOT_CLASS = YES_ERROR;
				CLANG_WARN__DUPLICATE_METHOD_MATCH = YES;
				"CODE_SIGN_IDENTITY[sdk=iphoneos*]" = "iPhone Developer";
				COPY_PHASE_STRIP = NO;
				GCC_C_LANGUAGE_STANDARD = gnu99;
				GCC_DYNAMIC_NO_PIC = NO;
				GCC_OPTIMIZATION_LEVEL = 0;
				GCC_PREPROCESSOR_DEFINITIONS = (
					"DEBUG=1",
					"$(inherited)",
				);
				GCC_SYMBOLS_PRIVATE_EXTERN = NO;
				GCC_WARN_64_TO_32_BIT_CONVERSION = YES;
				GCC_WARN_ABOUT_RETURN_TYPE = YES_ERROR;
				GCC_WARN_UNDECLARED_SELECTOR = YES;
				GCC_WARN_UNINITIALIZED_AUTOS = YES_AGGRESSIVE;
				GCC_WARN_UNUSED_FUNCTION = YES;
				GCC_WARN_UNUSED_VARIABLE = YES;
				IPHONEOS_DEPLOYMENT_TARGET = 7.1;
				ONLY_ACTIVE_ARCH = YES;
				SDKROOT = iphoneos;
			};
			name = Debug;
		};
		92089B7318FB737D00369B43 /* Release */ = {
			isa = XCBuildConfiguration;
			buildSettings = {
				ALWAYS_SEARCH_USER_PATHS = NO;
				CLANG_CXX_LANGUAGE_STANDARD = "gnu++0x";
				CLANG_CXX_LIBRARY = "libc++";
				CLANG_ENABLE_MODULES = YES;
				CLANG_ENABLE_OBJC_ARC = YES;
				CLANG_WARN_BOOL_CONVERSION = YES;
				CLANG_WARN_CONSTANT_CONVERSION = YES;
				CLANG_WARN_DIRECT_OBJC_ISA_USAGE = YES_ERROR;
				CLANG_WARN_EMPTY_BODY = YES;
				CLANG_WARN_ENUM_CONVERSION = YES;
				CLANG_WARN_INT_CONVERSION = YES;
				CLANG_WARN_OBJC_ROOT_CLASS = YES_ERROR;
				CLANG_WARN__DUPLICATE_METHOD_MATCH = YES;
				"CODE_SIGN_IDENTITY[sdk=iphoneos*]" = "iPhone Developer";
				COPY_PHASE_STRIP = YES;
				ENABLE_NS_ASSERTIONS = NO;
				GCC_C_LANGUAGE_STANDARD = gnu99;
				GCC_WARN_64_TO_32_BIT_CONVERSION = YES;
				GCC_WARN_ABOUT_RETURN_TYPE = YES_ERROR;
				GCC_WARN_UNDECLARED_SELECTOR = YES;
				GCC_WARN_UNINITIALIZED_AUTOS = YES_AGGRESSIVE;
				GCC_WARN_UNUSED_FUNCTION = YES;
				GCC_WARN_UNUSED_VARIABLE = YES;
				IPHONEOS_DEPLOYMENT_TARGET = 7.1;
				SDKROOT = iphoneos;
				VALIDATE_PRODUCT = YES;
			};
			name = Release;
		};
		92089B7518FB737D00369B43 /* Debug */ = {
			isa = XCBuildConfiguration;
			buildSettings = {
				ASSETCATALOG_COMPILER_APPICON_NAME = AppIcon;
				ASSETCATALOG_COMPILER_LAUNCHIMAGE_NAME = LaunchImage;
				GCC_PRECOMPILE_PREFIX_HEADER = YES;
				GCC_PREFIX_HEADER = "PirateAdventure/PirateAdventure-Prefix.pch";
				INFOPLIST_FILE = "PirateAdventure/PirateAdventure-Info.plist";
				PRODUCT_NAME = "$(TARGET_NAME)";
				WRAPPER_EXTENSION = app;
			};
			name = Debug;
		};
		92089B7618FB737D00369B43 /* Release */ = {
			isa = XCBuildConfiguration;
			buildSettings = {
				ASSETCATALOG_COMPILER_APPICON_NAME = AppIcon;
				ASSETCATALOG_COMPILER_LAUNCHIMAGE_NAME = LaunchImage;
				GCC_PRECOMPILE_PREFIX_HEADER = YES;
				GCC_PREFIX_HEADER = "PirateAdventure/PirateAdventure-Prefix.pch";
				INFOPLIST_FILE = "PirateAdventure/PirateAdventure-Info.plist";
				PRODUCT_NAME = "$(TARGET_NAME)";
				WRAPPER_EXTENSION = app;
			};
			name = Release;
		};
		92089B7818FB737D00369B43 /* Debug */ = {
			isa = XCBuildConfiguration;
			buildSettings = {
				BUNDLE_LOADER = "$(BUILT_PRODUCTS_DIR)/PirateAdventure.app/PirateAdventure";
				FRAMEWORK_SEARCH_PATHS = (
					"$(SDKROOT)/Developer/Library/Frameworks",
					"$(inherited)",
					"$(DEVELOPER_FRAMEWORKS_DIR)",
				);
				GCC_PRECOMPILE_PREFIX_HEADER = YES;
				GCC_PREFIX_HEADER = "PirateAdventure/PirateAdventure-Prefix.pch";
				GCC_PREPROCESSOR_DEFINITIONS = (
					"DEBUG=1",
					"$(inherited)",
				);
				INFOPLIST_FILE = "PirateAdventureTests/PirateAdventureTests-Info.plist";
				PRODUCT_NAME = "$(TARGET_NAME)";
				TEST_HOST = "$(BUNDLE_LOADER)";
				WRAPPER_EXTENSION = xctest;
			};
			name = Debug;
		};
		92089B7918FB737D00369B43 /* Release */ = {
			isa = XCBuildConfiguration;
			buildSettings = {
				BUNDLE_LOADER = "$(BUILT_PRODUCTS_DIR)/PirateAdventure.app/PirateAdventure";
				FRAMEWORK_SEARCH_PATHS = (
					"$(SDKROOT)/Developer/Library/Frameworks",
					"$(inherited)",
					"$(DEVELOPER_FRAMEWORKS_DIR)",
				);
				GCC_PRECOMPILE_PREFIX_HEADER = YES;
				GCC_PREFIX_HEADER = "PirateAdventure/PirateAdventure-Prefix.pch";
				INFOPLIST_FILE = "PirateAdventureTests/PirateAdventureTests-Info.plist";
				PRODUCT_NAME = "$(TARGET_NAME)";
				TEST_HOST = "$(BUNDLE_LOADER)";
				WRAPPER_EXTENSION = xctest;
			};
			name = Release;
		};
/* End XCBuildConfiguration section */

/* Begin XCConfigurationList section */
		92089B3D18FB737D00369B43 /* Build configuration list for PBXProject "PirateAdventure" */ = {
			isa = XCConfigurationList;
			buildConfigurations = (
				92089B7218FB737D00369B43 /* Debug */,
				92089B7318FB737D00369B43 /* Release */,
			);
			defaultConfigurationIsVisible = 0;
			defaultConfigurationName = Release;
		};
		92089B7418FB737D00369B43 /* Build configuration list for PBXNativeTarget "PirateAdventure" */ = {
			isa = XCConfigurationList;
			buildConfigurations = (
				92089B7518FB737D00369B43 /* Debug */,
				92089B7618FB737D00369B43 /* Release */,
			);
			defaultConfigurationIsVisible = 0;
		};
		92089B7718FB737D00369B43 /* Build configuration list for PBXNativeTarget "PirateAdventureTests" */ = {
			isa = XCConfigurationList;
			buildConfigurations = (
				92089B7818FB737D00369B43 /* Debug */,
				92089B7918FB737D00369B43 /* Release */,
			);
			defaultConfigurationIsVisible = 0;
		};
/* End XCConfigurationList section */
	};
	rootObject = 92089B3A18FB737D00369B43 /* Project object */;
}
